
Microsoft Visual Studio Solution File, Format Version 12.00
# Visual Studio Version 17
VisualStudioVersion = 17.14.37216.2
MinimumVisualStudioVersion = 10.0.40219.1
Project("{FAE04EC0-301F-11D3-BF4B-00C04F79EFBC}") = "E-commerce Website (Skincare)", "E-commerce Website (Skincare).csproj", "{AC14D705-0527-40ED-8163-C02CF013B593}"
EndProject
Global
	GlobalSection(SolutionConfigurationPlatforms) = preSolution
		Debug|Any CPU = Debug|Any CPU
		Release|Any CPU = Release|Any CPU
	EndGlobalSection
	GlobalSection(ProjectConfigurationPlatforms) = postSolution
		{AC14D705-0527-40ED-8163-C02CF013B593}.Debug|Any CPU.ActiveCfg = Debug|Any CPU
		{AC14D705-0527-40ED-8163-C02CF013B593}.Debug|Any CPU.Build.0 = Debug|Any CPU
		{AC14D705-0527-40ED-8163-C02CF013B593}.Release|Any CPU.ActiveCfg = Release|Any CPU
		{AC14D705-0527-40ED-8163-C02CF013B593}.Release|Any CPU.Build.0 = Release|Any CPU
	EndGlobalSection
	GlobalSection(SolutionProperties) = preSolution
		HideSolutionNode = FALSE
	EndGlobalSection
	GlobalSection(ExtensibilityGlobals) = postSolution
		SolutionGuid = {37250892-EEF4-409B-A7BB-2A634E9413C0}
	EndGlobalSection
EndGlobal
